// !$*UTF8*$!
{
	archiveVersion = 1;
	classes = {
	};
	objectVersion = 46;
	objects = {

/* Begin PBXBuildFile section */
		230382A61BE073D4008F4E42 /* qunale.json in Resources */ = {isa = PBXBuildFile; fileRef = 230382A51BE073D4008F4E42 /* qunale.json */; };
		230382AB1BE07444008F4E42 /* HotelDetailRoomStatusModel.m in Sources */ = {isa = PBXBuildFile; fileRef = 230382A91BE07444008F4E42 /* HotelDetailRoomStatusModel.m */; };
		230382C81BE0748C008F4E42 /* MJDictionaryCache.m in Sources */ = {isa = PBXBuildFile; fileRef = 230382B01BE0748C008F4E42 /* MJDictionaryCache.m */; };
		230382C91BE0748C008F4E42 /* MJExtensionConst.m in Sources */ = {isa = PBXBuildFile; fileRef = 230382B31BE0748C008F4E42 /* MJExtensionConst.m */; };
		230382CA1BE0748C008F4E42 /* MJFoundation.m in Sources */ = {isa = PBXBuildFile; fileRef = 230382B51BE0748C008F4E42 /* MJFoundation.m */; };
		230382CB1BE0748C008F4E42 /* MJProperty.m in Sources */ = {isa = PBXBuildFile; fileRef = 230382B71BE0748C008F4E42 /* MJProperty.m */; };
		230382CC1BE0748C008F4E42 /* MJPropertyKey.m in Sources */ = {isa = PBXBuildFile; fileRef = 230382B91BE0748C008F4E42 /* MJPropertyKey.m */; };
		230382CD1BE0748C008F4E42 /* MJPropertyType.m in Sources */ = {isa = PBXBuildFile; fileRef = 230382BB1BE0748C008F4E42 /* MJPropertyType.m */; };
		230382CE1BE0748C008F4E42 /* NSObject+MJClass.m in Sources */ = {isa = PBXBuildFile; fileRef = 230382BD1BE0748C008F4E42 /* NSObject+MJClass.m */; };
		230382CF1BE0748C008F4E42 /* NSObject+MJCoding.m in Sources */ = {isa = PBXBuildFile; fileRef = 230382BF1BE0748C008F4E42 /* NSObject+MJCoding.m */; };
		230382D01BE0748C008F4E42 /* NSObject+MJKeyValue.m in Sources */ = {isa = PBXBuildFile; fileRef = 230382C11BE0748C008F4E42 /* NSObject+MJKeyValue.m */; };
		230382D11BE0748C008F4E42 /* NSObject+MJProperty.m in Sources */ = {isa = PBXBuildFile; fileRef = 230382C31BE0748C008F4E42 /* NSObject+MJProperty.m */; };
		230382D21BE0748C008F4E42 /* NSString+MJExtension.m in Sources */ = {isa = PBXBuildFile; fileRef = 230382C51BE0748C008F4E42 /* NSString+MJExtension.m */; };
		230382D61BE07DA9008F4E42 /* UIColor+Hex.m in Sources */ = {isa = PBXBuildFile; fileRef = 230382D51BE07DA9008F4E42 /* UIColor+Hex.m */; };
		230382DD1BE09541008F4E42 /* hotelInfo.json in Resources */ = {isa = PBXBuildFile; fileRef = 230382DC1BE09541008F4E42 /* hotelInfo.json */; };
		230382E01BE0957E008F4E42 /* HotelListModel.m in Sources */ = {isa = PBXBuildFile; fileRef = 230382DF1BE0957E008F4E42 /* HotelListModel.m */; };
		230382E31BE095E0008F4E42 /* HotelFacilityModel.m in Sources */ = {isa = PBXBuildFile; fileRef = 230382E21BE095E0008F4E42 /* HotelFacilityModel.m */; };
		230382E61BE095E9008F4E42 /* PicModel.m in Sources */ = {isa = PBXBuildFile; fileRef = 230382E51BE095E9008F4E42 /* PicModel.m */; };
		230382E91BE0AB12008F4E42 /* OrderListModel.m in Sources */ = {isa = PBXBuildFile; fileRef = 230382E81BE0AB12008F4E42 /* OrderListModel.m */; };
		230382EC1BE0AB81008F4E42 /* TicketsModel.m in Sources */ = {isa = PBXBuildFile; fileRef = 230382EB1BE0AB81008F4E42 /* TicketsModel.m */; };
		230383101BE0AC36008F4E42 /* NSData+ImageContentType.m in Sources */ = {isa = PBXBuildFile; fileRef = 230382F21BE0AC36008F4E42 /* NSData+ImageContentType.m */; };
		230383111BE0AC36008F4E42 /* SDImageCache.m in Sources */ = {isa = PBXBuildFile; fileRef = 230382F41BE0AC36008F4E42 /* SDImageCache.m */; };
		230383121BE0AC36008F4E42 /* SDWebImageCompat.m in Sources */ = {isa = PBXBuildFile; fileRef = 230382F61BE0AC36008F4E42 /* SDWebImageCompat.m */; };
		230383131BE0AC36008F4E42 /* SDWebImageDecoder.m in Sources */ = {isa = PBXBuildFile; fileRef = 230382F81BE0AC36008F4E42 /* SDWebImageDecoder.m */; };
		230383141BE0AC36008F4E42 /* SDWebImageDownloader.m in Sources */ = {isa = PBXBuildFile; fileRef = 230382FA1BE0AC36008F4E42 /* SDWebImageDownloader.m */; };
		230383151BE0AC36008F4E42 /* SDWebImageDownloaderOperation.m in Sources */ = {isa = PBXBuildFile; fileRef = 230382FC1BE0AC36008F4E42 /* SDWebImageDownloaderOperation.m */; };
		230383161BE0AC36008F4E42 /* SDWebImageManager.m in Sources */ = {isa = PBXBuildFile; fileRef = 230382FE1BE0AC36008F4E42 /* SDWebImageManager.m */; };
		230383171BE0AC36008F4E42 /* SDWebImagePrefetcher.m in Sources */ = {isa = PBXBuildFile; fileRef = 230383011BE0AC36008F4E42 /* SDWebImagePrefetcher.m */; };
		230383181BE0AC36008F4E42 /* UIButton+WebCache.m in Sources */ = {isa = PBXBuildFile; fileRef = 230383031BE0AC36008F4E42 /* UIButton+WebCache.m */; };
		230383191BE0AC36008F4E42 /* UIImage+GIF.m in Sources */ = {isa = PBXBuildFile; fileRef = 230383051BE0AC36008F4E42 /* UIImage+GIF.m */; };
		2303831A1BE0AC36008F4E42 /* UIImage+MultiFormat.m in Sources */ = {isa = PBXBuildFile; fileRef = 230383071BE0AC36008F4E42 /* UIImage+MultiFormat.m */; };
		2303831B1BE0AC36008F4E42 /* UIImageView+HighlightedWebCache.m in Sources */ = {isa = PBXBuildFile; fileRef = 230383091BE0AC36008F4E42 /* UIImageView+HighlightedWebCache.m */; };
		2303831C1BE0AC36008F4E42 /* UIImageView+WebCache.m in Sources */ = {isa = PBXBuildFile; fileRef = 2303830B1BE0AC36008F4E42 /* UIImageView+WebCache.m */; };
		2303831D1BE0AC36008F4E42 /* UIView+WebCacheOperation.m in Sources */ = {isa = PBXBuildFile; fileRef = 2303830D1BE0AC36008F4E42 /* UIView+WebCacheOperation.m */; };
		230383201BE0AD64008F4E42 /* HotelDetailInfoModel.m in Sources */ = {isa = PBXBuildFile; fileRef = 2303831F1BE0AD64008F4E42 /* HotelDetailInfoModel.m */; };
		231277EE1BDFDE9300897E42 /* MASCompositeConstraint.m in Sources */ = {isa = PBXBuildFile; fileRef = 231277D61BDFDE9300897E42 /* MASCompositeConstraint.m */; };
		231277EF1BDFDE9300897E42 /* MASConstraint.m in Sources */ = {isa = PBXBuildFile; fileRef = 231277D91BDFDE9300897E42 /* MASConstraint.m */; };
		231277F01BDFDE9300897E42 /* MASConstraintMaker.m in Sources */ = {isa = PBXBuildFile; fileRef = 231277DB1BDFDE9300897E42 /* MASConstraintMaker.m */; };
		231277F11BDFDE9300897E42 /* MASLayoutConstraint.m in Sources */ = {isa = PBXBuildFile; fileRef = 231277DD1BDFDE9300897E42 /* MASLayoutConstraint.m */; };
		231277F21BDFDE9300897E42 /* MASViewAttribute.m in Sources */ = {isa = PBXBuildFile; fileRef = 231277E11BDFDE9300897E42 /* MASViewAttribute.m */; };
		231277F31BDFDE9300897E42 /* MASViewConstraint.m in Sources */ = {isa = PBXBuildFile; fileRef = 231277E31BDFDE9300897E42 /* MASViewConstraint.m */; };
		231277F41BDFDE9300897E42 /* NSArray+MASAdditions.m in Sources */ = {isa = PBXBuildFile; fileRef = 231277E51BDFDE9300897E42 /* NSArray+MASAdditions.m */; };
		231277F51BDFDE9300897E42 /* NSLayoutConstraint+MASDebugAdditions.m in Sources */ = {isa = PBXBuildFile; fileRef = 231277E81BDFDE9300897E42 /* NSLayoutConstraint+MASDebugAdditions.m */; };
		231277F61BDFDE9300897E42 /* View+MASAdditions.m in Sources */ = {isa = PBXBuildFile; fileRef = 231277EA1BDFDE9300897E42 /* View+MASAdditions.m */; };
		231277F71BDFDE9300897E42 /* ViewController+MASAdditions.m in Sources */ = {isa = PBXBuildFile; fileRef = 231277ED1BDFDE9300897E42 /* ViewController+MASAdditions.m */; };
		235672F31C044EA800F178E4 /* HotelRoomTypeController.m in Sources */ = {isa = PBXBuildFile; fileRef = 235672EF1C044EA800F178E4 /* HotelRoomTypeController.m */; };
		235672F41C044EA800F178E4 /* HotelRoomTypeController.xib in Resources */ = {isa = PBXBuildFile; fileRef = 235672F01C044EA800F178E4 /* HotelRoomTypeController.xib */; };
		235672F51C044EA800F178E4 /* ViewController.m in Sources */ = {isa = PBXBuildFile; fileRef = 235672F21C044EA800F178E4 /* ViewController.m */; };
		2356730F1C044EDD00F178E4 /* DropdownMenuView.m in Sources */ = {isa = PBXBuildFile; fileRef = 235672F71C044EDD00F178E4 /* DropdownMenuView.m */; };
		235673101C044EDD00F178E4 /* HotelCell.m in Sources */ = {isa = PBXBuildFile; fileRef = 235672F91C044EDD00F178E4 /* HotelCell.m */; };
		235673111C044EDD00F178E4 /* HotelCommentIInfosCell.m in Sources */ = {isa = PBXBuildFile; fileRef = 235672FB1C044EDD00F178E4 /* HotelCommentIInfosCell.m */; };
		235673121C044EDD00F178E4 /* HotelCommentIInfosCell.xib in Resources */ = {isa = PBXBuildFile; fileRef = 235672FC1C044EDD00F178E4 /* HotelCommentIInfosCell.xib */; };
		235673131C044EDD00F178E4 /* HotelDetailAutoLayoutCell.m in Sources */ = {isa = PBXBuildFile; fileRef = 235672FE1C044EDD00F178E4 /* HotelDetailAutoLayoutCell.m */; };
		235673141C044EDD00F178E4 /* HotelDetailAutoLayoutCell.xib in Resources */ = {isa = PBXBuildFile; fileRef = 235672FF1C044EDD00F178E4 /* HotelDetailAutoLayoutCell.xib */; };
		235673151C044EDD00F178E4 /* HotelDetailInfoCell.m in Sources */ = {isa = PBXBuildFile; fileRef = 235673011C044EDD00F178E4 /* HotelDetailInfoCell.m */; };
		235673161C044EDD00F178E4 /* HotelDetailInfoCell.xib in Resources */ = {isa = PBXBuildFile; fileRef = 235673021C044EDD00F178E4 /* HotelDetailInfoCell.xib */; };
		235673171C044EDD00F178E4 /* HotelInfoCommentCell.m in Sources */ = {isa = PBXBuildFile; fileRef = 235673041C044EDD00F178E4 /* HotelInfoCommentCell.m */; };
		235673181C044EDD00F178E4 /* HotelInfoCommentCell.xib in Resources */ = {isa = PBXBuildFile; fileRef = 235673051C044EDD00F178E4 /* HotelInfoCommentCell.xib */; };
		235673191C044EDD00F178E4 /* HotelListCell.m in Sources */ = {isa = PBXBuildFile; fileRef = 235673071C044EDD00F178E4 /* HotelListCell.m */; };
		2356731A1C044EDD00F178E4 /* HotelListCell.xib in Resources */ = {isa = PBXBuildFile; fileRef = 235673081C044EDD00F178E4 /* HotelListCell.xib */; };
		2356731B1C044EDD00F178E4 /* HotelRoomTypeFillterView.m in Sources */ = {isa = PBXBuildFile; fileRef = 2356730A1C044EDD00F178E4 /* HotelRoomTypeFillterView.m */; };
		2356731C1C044EDD00F178E4 /* HotelRoomTypeFillterView.xib in Resources */ = {isa = PBXBuildFile; fileRef = 2356730B1C044EDD00F178E4 /* HotelRoomTypeFillterView.xib */; };
		2356731D1C044EDD00F178E4 /* HotelRoomTypeFooterView.m in Sources */ = {isa = PBXBuildFile; fileRef = 2356730D1C044EDD00F178E4 /* HotelRoomTypeFooterView.m */; };
		2356731E1C044EDD00F178E4 /* HotelRoomTypeFooterView.xib in Resources */ = {isa = PBXBuildFile; fileRef = 2356730E1C044EDD00F178E4 /* HotelRoomTypeFooterView.xib */; };
		235673271C04521400F178E4 /* PhotoLibraryController.m in Sources */ = {isa = PBXBuildFile; fileRef = 235673251C04521400F178E4 /* PhotoLibraryController.m */; };
		235673281C04521400F178E4 /* PhotoLibraryController.xib in Resources */ = {isa = PBXBuildFile; fileRef = 235673261C04521400F178E4 /* PhotoLibraryController.xib */; };
		235673301C04644F00F178E4 /* StarView.m in Sources */ = {isa = PBXBuildFile; fileRef = 2356732F1C04644F00F178E4 /* StarView.m */; };
		235673351C0472FA00F178E4 /* TagBtn.m in Sources */ = {isa = PBXBuildFile; fileRef = 235673341C0472FA00F178E4 /* TagBtn.m */; };
		23A5231C1BDF537800B0AC98 /* main.m in Sources */ = {isa = PBXBuildFile; fileRef = 23A5231B1BDF537800B0AC98 /* main.m */; };
		23A5231F1BDF537800B0AC98 /* AppDelegate.m in Sources */ = {isa = PBXBuildFile; fileRef = 23A5231E1BDF537800B0AC98 /* AppDelegate.m */; };
		23A523251BDF537800B0AC98 /* Main.storyboard in Resources */ = {isa = PBXBuildFile; fileRef = 23A523231BDF537800B0AC98 /* Main.storyboard */; };
		23A523281BDF537800B0AC98 /* CollectionControllerDemo.xcdatamodeld in Sources */ = {isa = PBXBuildFile; fileRef = 23A523261BDF537800B0AC98 /* CollectionControllerDemo.xcdatamodeld */; };
		23A5232A1BDF537800B0AC98 /* Assets.xcassets in Resources */ = {isa = PBXBuildFile; fileRef = 23A523291BDF537800B0AC98 /* Assets.xcassets */; };
		23A5232D1BDF537800B0AC98 /* LaunchScreen.storyboard in Resources */ = {isa = PBXBuildFile; fileRef = 23A5232B1BDF537800B0AC98 /* LaunchScreen.storyboard */; };
		23A5235A1BDF72FA00B0AC98 /* title.png in Resources */ = {isa = PBXBuildFile; fileRef = 23A523591BDF72FA00B0AC98 /* title.png */; };
		23A523801BDF8BDE00B0AC98 /* HotelStarView.m in Sources */ = {isa = PBXBuildFile; fileRef = 23A5237F1BDF8BDE00B0AC98 /* HotelStarView.m */; };
/* End PBXBuildFile section */

/* Begin PBXFileReference section */
		230382A51BE073D4008F4E42 /* qunale.json */ = {isa = PBXFileReference; fileEncoding = 4; lastKnownFileType = text.json; path = qunale.json; sourceTree = "<group>"; };
		230382A81BE07444008F4E42 /* HotelDetailRoomStatusModel.h */ = {isa = PBXFileReference; fileEncoding = 4; lastKnownFileType = sourcecode.c.h; name = HotelDetailRoomStatusModel.h; path = ../HotelDetailRoomStatusModel.h; sourceTree = "<group>"; };
		230382A91BE07444008F4E42 /* HotelDetailRoomStatusModel.m */ = {isa = PBXFileReference; fileEncoding = 4; lastKnownFileType = sourcecode.c.objc; name = HotelDetailRoomStatusModel.m; path = ../HotelDetailRoomStatusModel.m; sourceTree = "<group>"; };
		230382AF1BE0748C008F4E42 /* MJDictionaryCache.h */ = {isa = PBXFileReference; fileEncoding = 4; lastKnownFileType = sourcecode.c.h; path = MJDictionaryCache.h; sourceTree = "<group>"; };
		230382B01BE0748C008F4E42 /* MJDictionaryCache.m */ = {isa = PBXFileReference; fileEncoding = 4; lastKnownFileType = sourcecode.c.objc; path = MJDictionaryCache.m; sourceTree = "<group>"; };
		230382B11BE0748C008F4E42 /* MJExtension.h */ = {isa = PBXFileReference; fileEncoding = 4; lastKnownFileType = sourcecode.c.h; path = MJExtension.h; sourceTree = "<group>"; };
		230382B21BE0748C008F4E42 /* MJExtensionConst.h */ = {isa = PBXFileReference; fileEncoding = 4; lastKnownFileType = sourcecode.c.h; path = MJExtensionConst.h; sourceTree = "<group>"; };
		230382B31BE0748C008F4E42 /* MJExtensionConst.m */ = {isa = PBXFileReference; fileEncoding = 4; lastKnownFileType = sourcecode.c.objc; path = MJExtensionConst.m; sourceTree = "<group>"; };
		230382B41BE0748C008F4E42 /* MJFoundation.h */ = {isa = PBXFileReference; fileEncoding = 4; lastKnownFileType = sourcecode.c.h; path = MJFoundation.h; sourceTree = "<group>"; };
		230382B51BE0748C008F4E42 /* MJFoundation.m */ = {isa = PBXFileReference; fileEncoding = 4; lastKnownFileType = sourcecode.c.objc; path = MJFoundation.m; sourceTree = "<group>"; };
		230382B61BE0748C008F4E42 /* MJProperty.h */ = {isa = PBXFileReference; fileEncoding = 4; lastKnownFileType = sourcecode.c.h; path = MJProperty.h; sourceTree = "<group>"; };
		230382B71BE0748C008F4E42 /* MJProperty.m */ = {isa = PBXFileReference; fileEncoding = 4; lastKnownFileType = sourcecode.c.objc; path = MJProperty.m; sourceTree = "<group>"; };
		230382B81BE0748C008F4E42 /* MJPropertyKey.h */ = {isa = PBXFileReference; fileEncoding = 4; lastKnownFileType = sourcecode.c.h; path = MJPropertyKey.h; sourceTree = "<group>"; };
		230382B91BE0748C008F4E42 /* MJPropertyKey.m */ = {isa = PBXFileReference; fileEncoding = 4; lastKnownFileType = sourcecode.c.objc; path = MJPropertyKey.m; sourceTree = "<group>"; };
		230382BA1BE0748C008F4E42 /* MJPropertyType.h */ = {isa = PBXFileReference; fileEncoding = 4; lastKnownFileType = sourcecode.c.h; path = MJPropertyType.h; sourceTree = "<group>"; };
		230382BB1BE0748C008F4E42 /* MJPropertyType.m */ = {isa = PBXFileReference; fileEncoding = 4; lastKnownFileType = sourcecode.c.objc; path = MJPropertyType.m; sourceTree = "<group>"; };
		230382BC1BE0748C008F4E42 /* NSObject+MJClass.h */ = {isa = PBXFileReference; fileEncoding = 4; lastKnownFileType = sourcecode.c.h; path = "NSObject+MJClass.h"; sourceTree = "<group>"; };
		230382BD1BE0748C008F4E42 /* NSObject+MJClass.m */ = {isa = PBXFileReference; fileEncoding = 4; lastKnownFileType = sourcecode.c.objc; path = "NSObject+MJClass.m"; sourceTree = "<group>"; };
		230382BE1BE0748C008F4E42 /* NSObject+MJCoding.h */ = {isa = PBXFileReference; fileEncoding = 4; lastKnownFileType = sourcecode.c.h; path = "NSObject+MJCoding.h"; sourceTree = "<group>"; };
		230382BF1BE0748C008F4E42 /* NSObject+MJCoding.m */ = {isa = PBXFileReference; fileEncoding = 4; lastKnownFileType = sourcecode.c.objc; path = "NSObject+MJCoding.m"; sourceTree = "<group>"; };
		230382C01BE0748C008F4E42 /* NSObject+MJKeyValue.h */ = {isa = PBXFileReference; fileEncoding = 4; lastKnownFileType = sourcecode.c.h; path = "NSObject+MJKeyValue.h"; sourceTree = "<group>"; };
		230382C11BE0748C008F4E42 /* NSObject+MJKeyValue.m */ = {isa = PBXFileReference; fileEncoding = 4; lastKnownFileType = sourcecode.c.objc; path = "NSObject+MJKeyValue.m"; sourceTree = "<group>"; };
		230382C21BE0748C008F4E42 /* NSObject+MJProperty.h */ = {isa = PBXFileReference; fileEncoding = 4; lastKnownFileType = sourcecode.c.h; path = "NSObject+MJProperty.h"; sourceTree = "<group>"; };
		230382C31BE0748C008F4E42 /* NSObject+MJProperty.m */ = {isa = PBXFileReference; fileEncoding = 4; lastKnownFileType = sourcecode.c.objc; path = "NSObject+MJProperty.m"; sourceTree = "<group>"; };
		230382C41BE0748C008F4E42 /* NSString+MJExtension.h */ = {isa = PBXFileReference; fileEncoding = 4; lastKnownFileType = sourcecode.c.h; path = "NSString+MJExtension.h"; sourceTree = "<group>"; };
		230382C51BE0748C008F4E42 /* NSString+MJExtension.m */ = {isa = PBXFileReference; fileEncoding = 4; lastKnownFileType = sourcecode.c.objc; path = "NSString+MJExtension.m"; sourceTree = "<group>"; };
		230382D41BE07DA9008F4E42 /* UIColor+Hex.h */ = {isa = PBXFileReference; fileEncoding = 4; lastKnownFileType = sourcecode.c.h; name = "UIColor+Hex.h"; path = "../UIColor+Hex.h"; sourceTree = "<group>"; };
		230382D51BE07DA9008F4E42 /* UIColor+Hex.m */ = {isa = PBXFileReference; fileEncoding = 4; lastKnownFileType = sourcecode.c.objc; name = "UIColor+Hex.m"; path = "../UIColor+Hex.m"; sourceTree = "<group>"; };
		230382D71BE09188008F4E42 /* CollectionControllerDemo.pch */ = {isa = PBXFileReference; lastKnownFileType = sourcecode.c.h; path = CollectionControllerDemo.pch; sourceTree = "<group>"; };
		230382DC1BE09541008F4E42 /* hotelInfo.json */ = {isa = PBXFileReference; fileEncoding = 4; lastKnownFileType = text.json; path = hotelInfo.json; sourceTree = "<group>"; };
		230382DE1BE0957E008F4E42 /* HotelListModel.h */ = {isa = PBXFileReference; fileEncoding = 4; lastKnownFileType = sourcecode.c.h; path = HotelListModel.h; sourceTree = "<group>"; };
		230382DF1BE0957E008F4E42 /* HotelListModel.m */ = {isa = PBXFileReference; fileEncoding = 4; lastKnownFileType = sourcecode.c.objc; path = HotelListModel.m; sourceTree = "<group>"; };
		230382E11BE095E0008F4E42 /* HotelFacilityModel.h */ = {isa = PBXFileReference; fileEncoding = 4; lastKnownFileType = sourcecode.c.h; path = HotelFacilityModel.h; sourceTree = "<group>"; };
		230382E21BE095E0008F4E42 /* HotelFacilityModel.m */ = {isa = PBXFileReference; fileEncoding = 4; lastKnownFileType = sourcecode.c.objc; path = HotelFacilityModel.m; sourceTree = "<group>"; };
		230382E41BE095E9008F4E42 /* PicModel.h */ = {isa = PBXFileReference; fileEncoding = 4; lastKnownFileType = sourcecode.c.h; path = PicModel.h; sourceTree = "<group>"; };
		230382E51BE095E9008F4E42 /* PicModel.m */ = {isa = PBXFileReference; fileEncoding = 4; lastKnownFileType = sourcecode.c.objc; path = PicModel.m; sourceTree = "<group>"; };
		230382E71BE0AB12008F4E42 /* OrderListModel.h */ = {isa = PBXFileReference; fileEncoding = 4; lastKnownFileType = sourcecode.c.h; path = OrderListModel.h; sourceTree = "<group>"; };
		230382E81BE0AB12008F4E42 /* OrderListModel.m */ = {isa = PBXFileReference; fileEncoding = 4; lastKnownFileType = sourcecode.c.objc; path = OrderListModel.m; sourceTree = "<group>"; };
		230382EA1BE0AB81008F4E42 /* TicketsModel.h */ = {isa = PBXFileReference; fileEncoding = 4; lastKnownFileType = sourcecode.c.h; path = TicketsModel.h; sourceTree = "<group>"; };
		230382EB1BE0AB81008F4E42 /* TicketsModel.m */ = {isa = PBXFileReference; fileEncoding = 4; lastKnownFileType = sourcecode.c.objc; path = TicketsModel.m; sourceTree = "<group>"; };
		230382F11BE0AC36008F4E42 /* NSData+ImageContentType.h */ = {isa = PBXFileReference; fileEncoding = 4; lastKnownFileType = sourcecode.c.h; path = "NSData+ImageContentType.h"; sourceTree = "<group>"; };
		230382F21BE0AC36008F4E42 /* NSData+ImageContentType.m */ = {isa = PBXFileReference; fileEncoding = 4; lastKnownFileType = sourcecode.c.objc; path = "NSData+ImageContentType.m"; sourceTree = "<group>"; };
		230382F31BE0AC36008F4E42 /* SDImageCache.h */ = {isa = PBXFileReference; fileEncoding = 4; lastKnownFileType = sourcecode.c.h; path = SDImageCache.h; sourceTree = "<group>"; };
		230382F41BE0AC36008F4E42 /* SDImageCache.m */ = {isa = PBXFileReference; fileEncoding = 4; lastKnownFileType = sourcecode.c.objc; path = SDImageCache.m; sourceTree = "<group>"; };
		230382F51BE0AC36008F4E42 /* SDWebImageCompat.h */ = {isa = PBXFileReference; fileEncoding = 4; lastKnownFileType = sourcecode.c.h; path = SDWebImageCompat.h; sourceTree = "<group>"; };
		230382F61BE0AC36008F4E42 /* SDWebImageCompat.m */ = {isa = PBXFileReference; fileEncoding = 4; lastKnownFileType = sourcecode.c.objc; path = SDWebImageCompat.m; sourceTree = "<group>"; };
		230382F71BE0AC36008F4E42 /* SDWebImageDecoder.h */ = {isa = PBXFileReference; fileEncoding = 4; lastKnownFileType = sourcecode.c.h; path = SDWebImageDecoder.h; sourceTree = "<group>"; };
		230382F81BE0AC36008F4E42 /* SDWebImageDecoder.m */ = {isa = PBXFileReference; fileEncoding = 4; lastKnownFileType = sourcecode.c.objc; path = SDWebImageDecoder.m; sourceTree = "<group>"; };
		230382F91BE0AC36008F4E42 /* SDWebImageDownloader.h */ = {isa = PBXFileReference; fileEncoding = 4; lastKnownFileType = sourcecode.c.h; path = SDWebImageDownloader.h; sourceTree = "<group>"; };
		230382FA1BE0AC36008F4E42 /* SDWebImageDownloader.m */ = {isa = PBXFileReference; fileEncoding = 4; lastKnownFileType = sourcecode.c.objc; path = SDWebImageDownloader.m; sourceTree = "<group>"; };
		230382FB1BE0AC36008F4E42 /* SDWebImageDownloaderOperation.h */ = {isa = PBXFileReference; fileEncoding = 4; lastKnownFileType = sourcecode.c.h; path = SDWebImageDownloaderOperation.h; sourceTree = "<group>"; };
		230382FC1BE0AC36008F4E42 /* SDWebImageDownloaderOperation.m */ = {isa = PBXFileReference; fileEncoding = 4; lastKnownFileType = sourcecode.c.objc; path = SDWebImageDownloaderOperation.m; sourceTree = "<group>"; };
		230382FD1BE0AC36008F4E42 /* SDWebImageManager.h */ = {isa = PBXFileReference; fileEncoding = 4; lastKnownFileType = sourcecode.c.h; path = SDWebImageManager.h; sourceTree = "<group>"; };
		230382FE1BE0AC36008F4E42 /* SDWebImageManager.m */ = {isa = PBXFileReference; fileEncoding = 4; lastKnownFileType = sourcecode.c.objc; path = SDWebImageManager.m; sourceTree = "<group>"; };
		230382FF1BE0AC36008F4E42 /* SDWebImageOperation.h */ = {isa = PBXFileReference; fileEncoding = 4; lastKnownFileType = sourcecode.c.h; path = SDWebImageOperation.h; sourceTree = "<group>"; };
		230383001BE0AC36008F4E42 /* SDWebImagePrefetcher.h */ = {isa = PBXFileReference; fileEncoding = 4; lastKnownFileType = sourcecode.c.h; path = SDWebImagePrefetcher.h; sourceTree = "<group>"; };
		230383011BE0AC36008F4E42 /* SDWebImagePrefetcher.m */ = {isa = PBXFileReference; fileEncoding = 4; lastKnownFileType = sourcecode.c.objc; path = SDWebImagePrefetcher.m; sourceTree = "<group>"; };
		230383021BE0AC36008F4E42 /* UIButton+WebCache.h */ = {isa = PBXFileReference; fileEncoding = 4; lastKnownFileType = sourcecode.c.h; path = "UIButton+WebCache.h"; sourceTree = "<group>"; };
		230383031BE0AC36008F4E42 /* UIButton+WebCache.m */ = {isa = PBXFileReference; fileEncoding = 4; lastKnownFileType = sourcecode.c.objc; path = "UIButton+WebCache.m"; sourceTree = "<group>"; };
		230383041BE0AC36008F4E42 /* UIImage+GIF.h */ = {isa = PBXFileReference; fileEncoding = 4; lastKnownFileType = sourcecode.c.h; path = "UIImage+GIF.h"; sourceTree = "<group>"; };
		230383051BE0AC36008F4E42 /* UIImage+GIF.m */ = {isa = PBXFileReference; fileEncoding = 4; lastKnownFileType = sourcecode.c.objc; path = "UIImage+GIF.m"; sourceTree = "<group>"; };
		230383061BE0AC36008F4E42 /* UIImage+MultiFormat.h */ = {isa = PBXFileReference; fileEncoding = 4; lastKnownFileType = sourcecode.c.h; path = "UIImage+MultiFormat.h"; sourceTree = "<group>"; };
		230383071BE0AC36008F4E42 /* UIImage+MultiFormat.m */ = {isa = PBXFileReference; fileEncoding = 4; lastKnownFileType = sourcecode.c.objc; path = "UIImage+MultiFormat.m"; sourceTree = "<group>"; };
		230383081BE0AC36008F4E42 /* UIImageView+HighlightedWebCache.h */ = {isa = PBXFileReference; fileEncoding = 4; lastKnownFileType = sourcecode.c.h; path = "UIImageView+HighlightedWebCache.h"; sourceTree = "<group>"; };
		230383091BE0AC36008F4E42 /* UIImageView+HighlightedWebCache.m */ = {isa = PBXFileReference; fileEncoding = 4; lastKnownFileType = sourcecode.c.objc; path = "UIImageView+HighlightedWebCache.m"; sourceTree = "<group>"; };
		2303830A1BE0AC36008F4E42 /* UIImageView+WebCache.h */ = {isa = PBXFileReference; fileEncoding = 4; lastKnownFileType = sourcecode.c.h; path = "UIImageView+WebCache.h"; sourceTree = "<group>"; };
		2303830B1BE0AC36008F4E42 /* UIImageView+WebCache.m */ = {isa = PBXFileReference; fileEncoding = 4; lastKnownFileType = sourcecode.c.objc; path = "UIImageView+WebCache.m"; sourceTree = "<group>"; };
		2303830C1BE0AC36008F4E42 /* UIView+WebCacheOperation.h */ = {isa = PBXFileReference; fileEncoding = 4; lastKnownFileType = sourcecode.c.h; path = "UIView+WebCacheOperation.h"; sourceTree = "<group>"; };
		2303830D1BE0AC36008F4E42 /* UIView+WebCacheOperation.m */ = {isa = PBXFileReference; fileEncoding = 4; lastKnownFileType = sourcecode.c.objc; path = "UIView+WebCacheOperation.m"; sourceTree = "<group>"; };
		2303831E1BE0AD64008F4E42 /* HotelDetailInfoModel.h */ = {isa = PBXFileReference; fileEncoding = 4; lastKnownFileType = sourcecode.c.h; path = HotelDetailInfoModel.h; sourceTree = "<group>"; };
		2303831F1BE0AD64008F4E42 /* HotelDetailInfoModel.m */ = {isa = PBXFileReference; fileEncoding = 4; lastKnownFileType = sourcecode.c.objc; path = HotelDetailInfoModel.m; sourceTree = "<group>"; };
		231277D51BDFDE9300897E42 /* MASCompositeConstraint.h */ = {isa = PBXFileReference; fileEncoding = 4; lastKnownFileType = sourcecode.c.h; path = MASCompositeConstraint.h; sourceTree = "<group>"; };
		231277D61BDFDE9300897E42 /* MASCompositeConstraint.m */ = {isa = PBXFileReference; fileEncoding = 4; lastKnownFileType = sourcecode.c.objc; path = MASCompositeConstraint.m; sourceTree = "<group>"; };
		231277D71BDFDE9300897E42 /* MASConstraint+Private.h */ = {isa = PBXFileReference; fileEncoding = 4; lastKnownFileType = sourcecode.c.h; path = "MASConstraint+Private.h"; sourceTree = "<group>"; };
		231277D81BDFDE9300897E42 /* MASConstraint.h */ = {isa = PBXFileReference; fileEncoding = 4; lastKnownFileType = sourcecode.c.h; path = MASConstraint.h; sourceTree = "<group>"; };
		231277D91BDFDE9300897E42 /* MASConstraint.m */ = {isa = PBXFileReference; fileEncoding = 4; lastKnownFileType = sourcecode.c.objc; path = MASConstraint.m; sourceTree = "<group>"; };
		231277DA1BDFDE9300897E42 /* MASConstraintMaker.h */ = {isa = PBXFileReference; fileEncoding = 4; lastKnownFileType = sourcecode.c.h; path = MASConstraintMaker.h; sourceTree = "<group>"; };
		231277DB1BDFDE9300897E42 /* MASConstraintMaker.m */ = {isa = PBXFileReference; fileEncoding = 4; lastKnownFileType = sourcecode.c.objc; path = MASConstraintMaker.m; sourceTree = "<group>"; };
		231277DC1BDFDE9300897E42 /* MASLayoutConstraint.h */ = {isa = PBXFileReference; fileEncoding = 4; lastKnownFileType = sourcecode.c.h; path = MASLayoutConstraint.h; sourceTree = "<group>"; };
		231277DD1BDFDE9300897E42 /* MASLayoutConstraint.m */ = {isa = PBXFileReference; fileEncoding = 4; lastKnownFileType = sourcecode.c.objc; path = MASLayoutConstraint.m; sourceTree = "<group>"; };
		231277DE1BDFDE9300897E42 /* Masonry.h */ = {isa = PBXFileReference; fileEncoding = 4; lastKnownFileType = sourcecode.c.h; path = Masonry.h; sourceTree = "<group>"; };
		231277DF1BDFDE9300897E42 /* MASUtilities.h */ = {isa = PBXFileReference; fileEncoding = 4; lastKnownFileType = sourcecode.c.h; path = MASUtilities.h; sourceTree = "<group>"; };
		231277E01BDFDE9300897E42 /* MASViewAttribute.h */ = {isa = PBXFileReference; fileEncoding = 4; lastKnownFileType = sourcecode.c.h; path = MASViewAttribute.h; sourceTree = "<group>"; };
		231277E11BDFDE9300897E42 /* MASViewAttribute.m */ = {isa = PBXFileReference; fileEncoding = 4; lastKnownFileType = sourcecode.c.objc; path = MASViewAttribute.m; sourceTree = "<group>"; };
		231277E21BDFDE9300897E42 /* MASViewConstraint.h */ = {isa = PBXFileReference; fileEncoding = 4; lastKnownFileType = sourcecode.c.h; path = MASViewConstraint.h; sourceTree = "<group>"; };
		231277E31BDFDE9300897E42 /* MASViewConstraint.m */ = {isa = PBXFileReference; fileEncoding = 4; lastKnownFileType = sourcecode.c.objc; path = MASViewConstraint.m; sourceTree = "<group>"; };
		231277E41BDFDE9300897E42 /* NSArray+MASAdditions.h */ = {isa = PBXFileReference; fileEncoding = 4; lastKnownFileType = sourcecode.c.h; path = "NSArray+MASAdditions.h"; sourceTree = "<group>"; };
		231277E51BDFDE9300897E42 /* NSArray+MASAdditions.m */ = {isa = PBXFileReference; fileEncoding = 4; lastKnownFileType = sourcecode.c.objc; path = "NSArray+MASAdditions.m"; sourceTree = "<group>"; };
		231277E61BDFDE9300897E42 /* NSArray+MASShorthandAdditions.h */ = {isa = PBXFileReference; fileEncoding = 4; lastKnownFileType = sourcecode.c.h; path = "NSArray+MASShorthandAdditions.h"; sourceTree = "<group>"; };
		231277E71BDFDE9300897E42 /* NSLayoutConstraint+MASDebugAdditions.h */ = {isa = PBXFileReference; fileEncoding = 4; lastKnownFileType = sourcecode.c.h; path = "NSLayoutConstraint+MASDebugAdditions.h"; sourceTree = "<group>"; };
		231277E81BDFDE9300897E42 /* NSLayoutConstraint+MASDebugAdditions.m */ = {isa = PBXFileReference; fileEncoding = 4; lastKnownFileType = sourcecode.c.objc; path = "NSLayoutConstraint+MASDebugAdditions.m"; sourceTree = "<group>"; };
		231277E91BDFDE9300897E42 /* View+MASAdditions.h */ = {isa = PBXFileReference; fileEncoding = 4; lastKnownFileType = sourcecode.c.h; path = "View+MASAdditions.h"; sourceTree = "<group>"; };
		231277EA1BDFDE9300897E42 /* View+MASAdditions.m */ = {isa = PBXFileReference; fileEncoding = 4; lastKnownFileType = sourcecode.c.objc; path = "View+MASAdditions.m"; sourceTree = "<group>"; };
		231277EB1BDFDE9300897E42 /* View+MASShorthandAdditions.h */ = {isa = PBXFileReference; fileEncoding = 4; lastKnownFileType = sourcecode.c.h; path = "View+MASShorthandAdditions.h"; sourceTree = "<group>"; };
		231277EC1BDFDE9300897E42 /* ViewController+MASAdditions.h */ = {isa = PBXFileReference; fileEncoding = 4; lastKnownFileType = sourcecode.c.h; path = "ViewController+MASAdditions.h"; sourceTree = "<group>"; };
		231277ED1BDFDE9300897E42 /* ViewController+MASAdditions.m */ = {isa = PBXFileReference; fileEncoding = 4; lastKnownFileType = sourcecode.c.objc; path = "ViewController+MASAdditions.m"; sourceTree = "<group>"; };
		235672EE1C044EA800F178E4 /* HotelRoomTypeController.h */ = {isa = PBXFileReference; fileEncoding = 4; lastKnownFileType = sourcecode.c.h; path = HotelRoomTypeController.h; sourceTree = "<group>"; };
		235672EF1C044EA800F178E4 /* HotelRoomTypeController.m */ = {isa = PBXFileReference; fileEncoding = 4; lastKnownFileType = sourcecode.c.objc; path = HotelRoomTypeController.m; sourceTree = "<group>"; };
		235672F01C044EA800F178E4 /* HotelRoomTypeController.xib */ = {isa = PBXFileReference; fileEncoding = 4; lastKnownFileType = file.xib; path = HotelRoomTypeController.xib; sourceTree = "<group>"; };
		235672F11C044EA800F178E4 /* ViewController.h */ = {isa = PBXFileReference; fileEncoding = 4; lastKnownFileType = sourcecode.c.h; path = ViewController.h; sourceTree = "<group>"; };
		235672F21C044EA800F178E4 /* ViewController.m */ = {isa = PBXFileReference; fileEncoding = 4; lastKnownFileType = sourcecode.c.objc; path = ViewController.m; sourceTree = "<group>"; };
		235672F61C044EDD00F178E4 /* DropdownMenuView.h */ = {isa = PBXFileReference; fileEncoding = 4; lastKnownFileType = sourcecode.c.h; path = DropdownMenuView.h; sourceTree = "<group>"; };
		235672F71C044EDD00F178E4 /* DropdownMenuView.m */ = {isa = PBXFileReference; fileEncoding = 4; lastKnownFileType = sourcecode.c.objc; path = DropdownMenuView.m; sourceTree = "<group>"; };
		235672F81C044EDD00F178E4 /* HotelCell.h */ = {isa = PBXFileReference; fileEncoding = 4; lastKnownFileType = sourcecode.c.h; path = HotelCell.h; sourceTree = "<group>"; };
		235672F91C044EDD00F178E4 /* HotelCell.m */ = {isa = PBXFileReference; fileEncoding = 4; lastKnownFileType = sourcecode.c.objc; path = HotelCell.m; sourceTree = "<group>"; };
		235672FA1C044EDD00F178E4 /* HotelCommentIInfosCell.h */ = {isa = PBXFileReference; fileEncoding = 4; lastKnownFileType = sourcecode.c.h; path = HotelCommentIInfosCell.h; sourceTree = "<group>"; };
		235672FB1C044EDD00F178E4 /* HotelCommentIInfosCell.m */ = {isa = PBXFileReference; fileEncoding = 4; lastKnownFileType = sourcecode.c.objc; path = HotelCommentIInfosCell.m; sourceTree = "<group>"; };
		235672FC1C044EDD00F178E4 /* HotelCommentIInfosCell.xib */ = {isa = PBXFileReference; fileEncoding = 4; lastKnownFileType = file.xib; path = HotelCommentIInfosCell.xib; sourceTree = "<group>"; };
		235672FD1C044EDD00F178E4 /* HotelDetailAutoLayoutCell.h */ = {isa = PBXFileReference; fileEncoding = 4; lastKnownFileType = sourcecode.c.h; path = HotelDetailAutoLayoutCell.h; sourceTree = "<group>"; };
		235672FE1C044EDD00F178E4 /* HotelDetailAutoLayoutCell.m */ = {isa = PBXFileReference; fileEncoding = 4; lastKnownFileType = sourcecode.c.objc; path = HotelDetailAutoLayoutCell.m; sourceTree = "<group>"; };
		235672FF1C044EDD00F178E4 /* HotelDetailAutoLayoutCell.xib */ = {isa = PBXFileReference; fileEncoding = 4; lastKnownFileType = file.xib; path = HotelDetailAutoLayoutCell.xib; sourceTree = "<group>"; };
		235673001C044EDD00F178E4 /* HotelDetailInfoCell.h */ = {isa = PBXFileReference; fileEncoding = 4; lastKnownFileType = sourcecode.c.h; path = HotelDetailInfoCell.h; sourceTree = "<group>"; };
		235673011C044EDD00F178E4 /* HotelDetailInfoCell.m */ = {isa = PBXFileReference; fileEncoding = 4; lastKnownFileType = sourcecode.c.objc; path = HotelDetailInfoCell.m; sourceTree = "<group>"; };
		235673021C044EDD00F178E4 /* HotelDetailInfoCell.xib */ = {isa = PBXFileReference; fileEncoding = 4; lastKnownFileType = file.xib; path = HotelDetailInfoCell.xib; sourceTree = "<group>"; };
		235673031C044EDD00F178E4 /* HotelInfoCommentCell.h */ = {isa = PBXFileReference; fileEncoding = 4; lastKnownFileType = sourcecode.c.h; path = HotelInfoCommentCell.h; sourceTree = "<group>"; };
		235673041C044EDD00F178E4 /* HotelInfoCommentCell.m */ = {isa = PBXFileReference; fileEncoding = 4; lastKnownFileType = sourcecode.c.objc; path = HotelInfoCommentCell.m; sourceTree = "<group>"; };
		235673051C044EDD00F178E4 /* HotelInfoCommentCell.xib */ = {isa = PBXFileReference; fileEncoding = 4; lastKnownFileType = file.xib; path = HotelInfoCommentCell.xib; sourceTree = "<group>"; };
		235673061C044EDD00F178E4 /* HotelListCell.h */ = {isa = PBXFileReference; fileEncoding = 4; lastKnownFileType = sourcecode.c.h; path = HotelListCell.h; sourceTree = "<group>"; };
		235673071C044EDD00F178E4 /* HotelListCell.m */ = {isa = PBXFileReference; fileEncoding = 4; lastKnownFileType = sourcecode.c.objc; path = HotelListCell.m; sourceTree = "<group>"; };
		235673081C044EDD00F178E4 /* HotelListCell.xib */ = {isa = PBXFileReference; fileEncoding = 4; lastKnownFileType = file.xib; path = HotelListCell.xib; sourceTree = "<group>"; };
		235673091C044EDD00F178E4 /* HotelRoomTypeFillterView.h */ = {isa = PBXFileReference; fileEncoding = 4; lastKnownFileType = sourcecode.c.h; path = HotelRoomTypeFillterView.h; sourceTree = "<group>"; };
		2356730A1C044EDD00F178E4 /* HotelRoomTypeFillterView.m */ = {isa = PBXFileReference; fileEncoding = 4; lastKnownFileType = sourcecode.c.objc; path = HotelRoomTypeFillterView.m; sourceTree = "<group>"; };
		2356730B1C044EDD00F178E4 /* HotelRoomTypeFillterView.xib */ = {isa = PBXFileReference; fileEncoding = 4; lastKnownFileType = file.xib; path = HotelRoomTypeFillterView.xib; sourceTree = "<group>"; };
		2356730C1C044EDD00F178E4 /* HotelRoomTypeFooterView.h */ = {isa = PBXFileReference; fileEncoding = 4; lastKnownFileType = sourcecode.c.h; path = HotelRoomTypeFooterView.h; sourceTree = "<group>"; };
		2356730D1C044EDD00F178E4 /* HotelRoomTypeFooterView.m */ = {isa = PBXFileReference; fileEncoding = 4; lastKnownFileType = sourcecode.c.objc; path = HotelRoomTypeFooterView.m; sourceTree = "<group>"; };
		2356730E1C044EDD00F178E4 /* HotelRoomTypeFooterView.xib */ = {isa = PBXFileReference; fileEncoding = 4; lastKnownFileType = file.xib; path = HotelRoomTypeFooterView.xib; sourceTree = "<group>"; };
		235673241C04521400F178E4 /* PhotoLibraryController.h */ = {isa = PBXFileReference; fileEncoding = 4; lastKnownFileType = sourcecode.c.h; path = PhotoLibraryController.h; sourceTree = "<group>"; };
		235673251C04521400F178E4 /* PhotoLibraryController.m */ = {isa = PBXFileReference; fileEncoding = 4; lastKnownFileType = sourcecode.c.objc; path = PhotoLibraryController.m; sourceTree = "<group>"; };
		235673261C04521400F178E4 /* PhotoLibraryController.xib */ = {isa = PBXFileReference; fileEncoding = 4; lastKnownFileType = file.xib; path = PhotoLibraryController.xib; sourceTree = "<group>"; };
		2356732E1C04644F00F178E4 /* StarView.h */ = {isa = PBXFileReference; fileEncoding = 4; lastKnownFileType = sourcecode.c.h; path = StarView.h; sourceTree = "<group>"; };
		2356732F1C04644F00F178E4 /* StarView.m */ = {isa = PBXFileReference; fileEncoding = 4; lastKnownFileType = sourcecode.c.objc; path = StarView.m; sourceTree = "<group>"; };
		235673331C0472FA00F178E4 /* TagBtn.h */ = {isa = PBXFileReference; fileEncoding = 4; lastKnownFileType = sourcecode.c.h; path = TagBtn.h; sourceTree = "<group>"; };
		235673341C0472FA00F178E4 /* TagBtn.m */ = {isa = PBXFileReference; fileEncoding = 4; lastKnownFileType = sourcecode.c.objc; path = TagBtn.m; sourceTree = "<group>"; };
		23A523171BDF537800B0AC98 /* CollectionControllerDemo.app */ = {isa = PBXFileReference; explicitFileType = wrapper.application; includeInIndex = 0; path = CollectionControllerDemo.app; sourceTree = BUILT_PRODUCTS_DIR; };
		23A5231B1BDF537800B0AC98 /* main.m */ = {isa = PBXFileReference; lastKnownFileType = sourcecode.c.objc; path = main.m; sourceTree = "<group>"; };
		23A5231D1BDF537800B0AC98 /* AppDelegate.h */ = {isa = PBXFileReference; lastKnownFileType = sourcecode.c.h; path = AppDelegate.h; sourceTree = "<group>"; };
		23A5231E1BDF537800B0AC98 /* AppDelegate.m */ = {isa = PBXFileReference; lastKnownFileType = sourcecode.c.objc; path = AppDelegate.m; sourceTree = "<group>"; };
		23A523241BDF537800B0AC98 /* Base */ = {isa = PBXFileReference; lastKnownFileType = file.storyboard; name = Base; path = Base.lproj/Main.storyboard; sourceTree = "<group>"; };
		23A523271BDF537800B0AC98 /* CollectionControllerDemo.xcdatamodel */ = {isa = PBXFileReference; lastKnownFileType = wrapper.xcdatamodel; path = CollectionControllerDemo.xcdatamodel; sourceTree = "<group>"; };
		23A523291BDF537800B0AC98 /* Assets.xcassets */ = {isa = PBXFileReference; lastKnownFileType = folder.assetcatalog; path = Assets.xcassets; sourceTree = "<group>"; };
		23A5232C1BDF537800B0AC98 /* Base */ = {isa = PBXFileReference; lastKnownFileType = file.storyboard; name = Base; path = Base.lproj/LaunchScreen.storyboard; sourceTree = "<group>"; };
		23A5232E1BDF537800B0AC98 /* Info.plist */ = {isa = PBXFileReference; lastKnownFileType = text.plist.xml; path = Info.plist; sourceTree = "<group>"; };
		23A523591BDF72FA00B0AC98 /* title.png */ = {isa = PBXFileReference; lastKnownFileType = image.png; path = title.png; sourceTree = "<group>"; };
		23A5237E1BDF8BDE00B0AC98 /* HotelStarView.h */ = {isa = PBXFileReference; fileEncoding = 4; lastKnownFileType = sourcecode.c.h; name = HotelStarView.h; path = ../HotelStarView.h; sourceTree = "<group>"; };
		23A5237F1BDF8BDE00B0AC98 /* HotelStarView.m */ = {isa = PBXFileReference; fileEncoding = 4; lastKnownFileType = sourcecode.c.objc; name = HotelStarView.m; path = ../HotelStarView.m; sourceTree = "<group>"; };
/* End PBXFileReference section */

/* Begin PBXFrameworksBuildPhase section */
		23A523141BDF537800B0AC98 /* Frameworks */ = {
			isa = PBXFrameworksBuildPhase;
			buildActionMask = 2147483647;
			files = (
			);
			runOnlyForDeploymentPostprocessing = 0;
		};
/* End PBXFrameworksBuildPhase section */

/* Begin PBXGroup section */
		230382AE1BE0748C008F4E42 /* MJExtension */ = {
			isa = PBXGroup;
			children = (
				230382AF1BE0748C008F4E42 /* MJDictionaryCache.h */,
				230382B01BE0748C008F4E42 /* MJDictionaryCache.m */,
				230382B11BE0748C008F4E42 /* MJExtension.h */,
				230382B21BE0748C008F4E42 /* MJExtensionConst.h */,
				230382B31BE0748C008F4E42 /* MJExtensionConst.m */,
				230382B41BE0748C008F4E42 /* MJFoundation.h */,
				230382B51BE0748C008F4E42 /* MJFoundation.m */,
				230382B61BE0748C008F4E42 /* MJProperty.h */,
				230382B71BE0748C008F4E42 /* MJProperty.m */,
				230382B81BE0748C008F4E42 /* MJPropertyKey.h */,
				230382B91BE0748C008F4E42 /* MJPropertyKey.m */,
				230382BA1BE0748C008F4E42 /* MJPropertyType.h */,
				230382BB1BE0748C008F4E42 /* MJPropertyType.m */,
				230382BC1BE0748C008F4E42 /* NSObject+MJClass.h */,
				230382BD1BE0748C008F4E42 /* NSObject+MJClass.m */,
				230382BE1BE0748C008F4E42 /* NSObject+MJCoding.h */,
				230382BF1BE0748C008F4E42 /* NSObject+MJCoding.m */,
				230382C01BE0748C008F4E42 /* NSObject+MJKeyValue.h */,
				230382C11BE0748C008F4E42 /* NSObject+MJKeyValue.m */,
				230382C21BE0748C008F4E42 /* NSObject+MJProperty.h */,
				230382C31BE0748C008F4E42 /* NSObject+MJProperty.m */,
				230382C41BE0748C008F4E42 /* NSString+MJExtension.h */,
				230382C51BE0748C008F4E42 /* NSString+MJExtension.m */,
			);
			name = MJExtension;
			path = ../MJExtension/MJExtension;
			sourceTree = "<group>";
		};
		230382D91BE09228008F4E42 /* model */ = {
			isa = PBXGroup;
			children = (
				2303831E1BE0AD64008F4E42 /* HotelDetailInfoModel.h */,
				2303831F1BE0AD64008F4E42 /* HotelDetailInfoModel.m */,
				230382EA1BE0AB81008F4E42 /* TicketsModel.h */,
				230382EB1BE0AB81008F4E42 /* TicketsModel.m */,
				230382E71BE0AB12008F4E42 /* OrderListModel.h */,
				230382E81BE0AB12008F4E42 /* OrderListModel.m */,
				230382E41BE095E9008F4E42 /* PicModel.h */,
				230382E51BE095E9008F4E42 /* PicModel.m */,
				230382DE1BE0957E008F4E42 /* HotelListModel.h */,
				230382DF1BE0957E008F4E42 /* HotelListModel.m */,
				230382E11BE095E0008F4E42 /* HotelFacilityModel.h */,
				230382E21BE095E0008F4E42 /* HotelFacilityModel.m */,
				230382A81BE07444008F4E42 /* HotelDetailRoomStatusModel.h */,
				230382A91BE07444008F4E42 /* HotelDetailRoomStatusModel.m */,
			);
			path = model;
			sourceTree = "<group>";
		};
		230382DB1BE09289008F4E42 /* library */ = {
			isa = PBXGroup;
			children = (
				2356732E1C04644F00F178E4 /* StarView.h */,
				2356732F1C04644F00F178E4 /* StarView.m */,
				23A5237E1BDF8BDE00B0AC98 /* HotelStarView.h */,
				23A5237F1BDF8BDE00B0AC98 /* HotelStarView.m */,
				230382D41BE07DA9008F4E42 /* UIColor+Hex.h */,
				230382D51BE07DA9008F4E42 /* UIColor+Hex.m */,
				235673331C0472FA00F178E4 /* TagBtn.h */,
				235673341C0472FA00F178E4 /* TagBtn.m */,
				230382F01BE0AC36008F4E42 /* SDWebImage */,
				230382AE1BE0748C008F4E42 /* MJExtension */,
				231277D41BDFDE9300897E42 /* Masonry */,
			);
			path = library;
			sourceTree = "<group>";
		};
		230382F01BE0AC36008F4E42 /* SDWebImage */ = {
			isa = PBXGroup;
			children = (
				230382F11BE0AC36008F4E42 /* NSData+ImageContentType.h */,
				230382F21BE0AC36008F4E42 /* NSData+ImageContentType.m */,
				230382F31BE0AC36008F4E42 /* SDImageCache.h */,
				230382F41BE0AC36008F4E42 /* SDImageCache.m */,
				230382F51BE0AC36008F4E42 /* SDWebImageCompat.h */,
				230382F61BE0AC36008F4E42 /* SDWebImageCompat.m */,
				230382F71BE0AC36008F4E42 /* SDWebImageDecoder.h */,
				230382F81BE0AC36008F4E42 /* SDWebImageDecoder.m */,
				230382F91BE0AC36008F4E42 /* SDWebImageDownloader.h */,
				230382FA1BE0AC36008F4E42 /* SDWebImageDownloader.m */,
				230382FB1BE0AC36008F4E42 /* SDWebImageDownloaderOperation.h */,
				230382FC1BE0AC36008F4E42 /* SDWebImageDownloaderOperation.m */,
				230382FD1BE0AC36008F4E42 /* SDWebImageManager.h */,
				230382FE1BE0AC36008F4E42 /* SDWebImageManager.m */,
				230382FF1BE0AC36008F4E42 /* SDWebImageOperation.h */,
				230383001BE0AC36008F4E42 /* SDWebImagePrefetcher.h */,
				230383011BE0AC36008F4E42 /* SDWebImagePrefetcher.m */,
				230383021BE0AC36008F4E42 /* UIButton+WebCache.h */,
				230383031BE0AC36008F4E42 /* UIButton+WebCache.m */,
				230383041BE0AC36008F4E42 /* UIImage+GIF.h */,
				230383051BE0AC36008F4E42 /* UIImage+GIF.m */,
				230383061BE0AC36008F4E42 /* UIImage+MultiFormat.h */,
				230383071BE0AC36008F4E42 /* UIImage+MultiFormat.m */,
				230383081BE0AC36008F4E42 /* UIImageView+HighlightedWebCache.h */,
				230383091BE0AC36008F4E42 /* UIImageView+HighlightedWebCache.m */,
				2303830A1BE0AC36008F4E42 /* UIImageView+WebCache.h */,
				2303830B1BE0AC36008F4E42 /* UIImageView+WebCache.m */,
				2303830C1BE0AC36008F4E42 /* UIView+WebCacheOperation.h */,
				2303830D1BE0AC36008F4E42 /* UIView+WebCacheOperation.m */,
			);
			name = SDWebImage;
			path = SDWebImage/SDWebImage;
			sourceTree = "<group>";
		};
		231277D41BDFDE9300897E42 /* Masonry */ = {
			isa = PBXGroup;
			children = (
				231277D51BDFDE9300897E42 /* MASCompositeConstraint.h */,
				231277D61BDFDE9300897E42 /* MASCompositeConstraint.m */,
				231277D71BDFDE9300897E42 /* MASConstraint+Private.h */,
				231277D81BDFDE9300897E42 /* MASConstraint.h */,
				231277D91BDFDE9300897E42 /* MASConstraint.m */,
				231277DA1BDFDE9300897E42 /* MASConstraintMaker.h */,
				231277DB1BDFDE9300897E42 /* MASConstraintMaker.m */,
				231277DC1BDFDE9300897E42 /* MASLayoutConstraint.h */,
				231277DD1BDFDE9300897E42 /* MASLayoutConstraint.m */,
				231277DE1BDFDE9300897E42 /* Masonry.h */,
				231277DF1BDFDE9300897E42 /* MASUtilities.h */,
				231277E01BDFDE9300897E42 /* MASViewAttribute.h */,
				231277E11BDFDE9300897E42 /* MASViewAttribute.m */,
				231277E21BDFDE9300897E42 /* MASViewConstraint.h */,
				231277E31BDFDE9300897E42 /* MASViewConstraint.m */,
				231277E41BDFDE9300897E42 /* NSArray+MASAdditions.h */,
				231277E51BDFDE9300897E42 /* NSArray+MASAdditions.m */,
				231277E61BDFDE9300897E42 /* NSArray+MASShorthandAdditions.h */,
				231277E71BDFDE9300897E42 /* NSLayoutConstraint+MASDebugAdditions.h */,
				231277E81BDFDE9300897E42 /* NSLayoutConstraint+MASDebugAdditions.m */,
				231277E91BDFDE9300897E42 /* View+MASAdditions.h */,
				231277EA1BDFDE9300897E42 /* View+MASAdditions.m */,
				231277EB1BDFDE9300897E42 /* View+MASShorthandAdditions.h */,
				231277EC1BDFDE9300897E42 /* ViewController+MASAdditions.h */,
				231277ED1BDFDE9300897E42 /* ViewController+MASAdditions.m */,
			);
			name = Masonry;
			path = ../Masonry;
			sourceTree = "<group>";
		};
		235672EC1C044E7500F178E4 /* Controller */ = {
			isa = PBXGroup;
			children = (
				235672EE1C044EA800F178E4 /* HotelRoomTypeController.h */,
				235672EF1C044EA800F178E4 /* HotelRoomTypeController.m */,
				235672F01C044EA800F178E4 /* HotelRoomTypeController.xib */,
				235672F11C044EA800F178E4 /* ViewController.h */,
				235672F21C044EA800F178E4 /* ViewController.m */,
				235673241C04521400F178E4 /* PhotoLibraryController.h */,
				235673251C04521400F178E4 /* PhotoLibraryController.m */,
				235673261C04521400F178E4 /* PhotoLibraryController.xib */,
			);
			path = Controller;
			sourceTree = "<group>";
		};
		235672ED1C044E7E00F178E4 /* View */ = {
			isa = PBXGroup;
			children = (
				235672F61C044EDD00F178E4 /* DropdownMenuView.h */,
				235672F71C044EDD00F178E4 /* DropdownMenuView.m */,
				235672F81C044EDD00F178E4 /* HotelCell.h */,
				235672F91C044EDD00F178E4 /* HotelCell.m */,
				235672FA1C044EDD00F178E4 /* HotelCommentIInfosCell.h */,
				235672FB1C044EDD00F178E4 /* HotelCommentIInfosCell.m */,
				235672FC1C044EDD00F178E4 /* HotelCommentIInfosCell.xib */,
				235672FD1C044EDD00F178E4 /* HotelDetailAutoLayoutCell.h */,
				235672FE1C044EDD00F178E4 /* HotelDetailAutoLayoutCell.m */,
				235672FF1C044EDD00F178E4 /* HotelDetailAutoLayoutCell.xib */,
				235673001C044EDD00F178E4 /* HotelDetailInfoCell.h */,
				235673011C044EDD00F178E4 /* HotelDetailInfoCell.m */,
				235673021C044EDD00F178E4 /* HotelDetailInfoCell.xib */,
				235673031C044EDD00F178E4 /* HotelInfoCommentCell.h */,
				235673041C044EDD00F178E4 /* HotelInfoCommentCell.m */,
				235673051C044EDD00F178E4 /* HotelInfoCommentCell.xib */,
				235673061C044EDD00F178E4 /* HotelListCell.h */,
				235673071C044EDD00F178E4 /* HotelListCell.m */,
				235673081C044EDD00F178E4 /* HotelListCell.xib */,
				235673091C044EDD00F178E4 /* HotelRoomTypeFillterView.h */,
				2356730A1C044EDD00F178E4 /* HotelRoomTypeFillterView.m */,
				2356730B1C044EDD00F178E4 /* HotelRoomTypeFillterView.xib */,
				2356730C1C044EDD00F178E4 /* HotelRoomTypeFooterView.h */,
				2356730D1C044EDD00F178E4 /* HotelRoomTypeFooterView.m */,
				2356730E1C044EDD00F178E4 /* HotelRoomTypeFooterView.xib */,
			);
			path = View;
			sourceTree = "<group>";
		};
		23A5230E1BDF537800B0AC98 = {
			isa = PBXGroup;
			children = (
				23A523191BDF537800B0AC98 /* CollectionControllerDemo */,
				23A523181BDF537800B0AC98 /* Products */,
			);
			sourceTree = "<group>";
		};
		23A523181BDF537800B0AC98 /* Products */ = {
			isa = PBXGroup;
			children = (
				23A523171BDF537800B0AC98 /* CollectionControllerDemo.app */,
			);
			name = Products;
			sourceTree = "<group>";
		};
		23A523191BDF537800B0AC98 /* CollectionControllerDemo */ = {
			isa = PBXGroup;
			children = (
				230382D91BE09228008F4E42 /* model */,
				235672ED1C044E7E00F178E4 /* View */,
				235672EC1C044E7500F178E4 /* Controller */,
				230382DB1BE09289008F4E42 /* library */,
				23A5231D1BDF537800B0AC98 /* AppDelegate.h */,
				23A5231E1BDF537800B0AC98 /* AppDelegate.m */,
				23A523231BDF537800B0AC98 /* Main.storyboard */,
				23A523291BDF537800B0AC98 /* Assets.xcassets */,
				23A523591BDF72FA00B0AC98 /* title.png */,
				23A5232B1BDF537800B0AC98 /* LaunchScreen.storyboard */,
				230382DC1BE09541008F4E42 /* hotelInfo.json */,
				230382A51BE073D4008F4E42 /* qunale.json */,
				230382D71BE09188008F4E42 /* CollectionControllerDemo.pch */,
				23A5232E1BDF537800B0AC98 /* Info.plist */,
				23A523261BDF537800B0AC98 /* CollectionControllerDemo.xcdatamodeld */,
				23A5231A1BDF537800B0AC98 /* Supporting Files */,
			);
			path = CollectionControllerDemo;
			sourceTree = "<group>";
		};
		23A5231A1BDF537800B0AC98 /* Supporting Files */ = {
			isa = PBXGroup;
			children = (
				23A5231B1BDF537800B0AC98 /* main.m */,
			);
			name = "Supporting Files";
			sourceTree = "<group>";
		};
/* End PBXGroup section */

/* Begin PBXNativeTarget section */
		23A523161BDF537800B0AC98 /* CollectionControllerDemo */ = {
			isa = PBXNativeTarget;
			buildConfigurationList = 23A523311BDF537800B0AC98 /* Build configuration list for PBXNativeTarget "CollectionControllerDemo" */;
			buildPhases = (
				23A523131BDF537800B0AC98 /* Sources */,
				23A523141BDF537800B0AC98 /* Frameworks */,
				23A523151BDF537800B0AC98 /* Resources */,
			);
			buildRules = (
			);
			dependencies = (
			);
			name = CollectionControllerDemo;
			productName = CollectionControllerDemo;
			productReference = 23A523171BDF537800B0AC98 /* CollectionControllerDemo.app */;
			productType = "com.apple.product-type.application";
		};
/* End PBXNativeTarget section */

/* Begin PBXProject section */
		23A5230F1BDF537800B0AC98 /* Project object */ = {
			isa = PBXProject;
			attributes = {
				LastUpgradeCheck = 0700;
				ORGANIZATIONNAME = "上海乐住信息技术有限公司";
				TargetAttributes = {
					23A523161BDF537800B0AC98 = {
						CreatedOnToolsVersion = 7.0;
					};
				};
			};
			buildConfigurationList = 23A523121BDF537800B0AC98 /* Build configuration list for PBXProject "CollectionControllerDemo" */;
			compatibilityVersion = "Xcode 3.2";
			developmentRegion = English;
			hasScannedForEncodings = 0;
			knownRegions = (
				en,
				Base,
			);
			mainGroup = 23A5230E1BDF537800B0AC98;
			productRefGroup = 23A523181BDF537800B0AC98 /* Products */;
			projectDirPath = "";
			projectRoot = "";
			targets = (
				23A523161BDF537800B0AC98 /* CollectionControllerDemo */,
			);
		};
/* End PBXProject section */

/* Begin PBXResourcesBuildPhase section */
		23A523151BDF537800B0AC98 /* Resources */ = {
			isa = PBXResourcesBuildPhase;
			buildActionMask = 2147483647;
			files = (
				230382DD1BE09541008F4E42 /* hotelInfo.json in Resources */,
				23A5232D1BDF537800B0AC98 /* LaunchScreen.storyboard in Resources */,
				235673121C044EDD00F178E4 /* HotelCommentIInfosCell.xib in Resources */,
				2356731E1C044EDD00F178E4 /* HotelRoomTypeFooterView.xib in Resources */,
				23A5232A1BDF537800B0AC98 /* Assets.xcassets in Resources */,
				235672F41C044EA800F178E4 /* HotelRoomTypeController.xib in Resources */,
				23A523251BDF537800B0AC98 /* Main.storyboard in Resources */,
				230382A61BE073D4008F4E42 /* qunale.json in Resources */,
				235673281C04521400F178E4 /* PhotoLibraryController.xib in Resources */,
				235673181C044EDD00F178E4 /* HotelInfoCommentCell.xib in Resources */,
				23A5235A1BDF72FA00B0AC98 /* title.png in Resources */,
				235673141C044EDD00F178E4 /* HotelDetailAutoLayoutCell.xib in Resources */,
				2356731A1C044EDD00F178E4 /* HotelListCell.xib in Resources */,
				2356731C1C044EDD00F178E4 /* HotelRoomTypeFillterView.xib in Resources */,
				235673161C044EDD00F178E4 /* HotelDetailInfoCell.xib in Resources */,
			);
			runOnlyForDeploymentPostprocessing = 0;
		};
/* End PBXResourcesBuildPhase section */

/* Begin PBXSourcesBuildPhase section */
		23A523131BDF537800B0AC98 /* Sources */ = {
			isa = PBXSourcesBuildPhase;
			buildActionMask = 2147483647;
			files = (
				2356730F1C044EDD00F178E4 /* DropdownMenuView.m in Sources */,
				2356731D1C044EDD00F178E4 /* HotelRoomTypeFooterView.m in Sources */,
				230383191BE0AC36008F4E42 /* UIImage+GIF.m in Sources */,
				230382CF1BE0748C008F4E42 /* NSObject+MJCoding.m in Sources */,
				230382D61BE07DA9008F4E42 /* UIColor+Hex.m in Sources */,
				230383161BE0AC36008F4E42 /* SDWebImageManager.m in Sources */,
				230382D01BE0748C008F4E42 /* NSObject+MJKeyValue.m in Sources */,
				230382AB1BE07444008F4E42 /* HotelDetailRoomStatusModel.m in Sources */,
				231277F51BDFDE9300897E42 /* NSLayoutConstraint+MASDebugAdditions.m in Sources */,
				230382D21BE0748C008F4E42 /* NSString+MJExtension.m in Sources */,
				23A523801BDF8BDE00B0AC98 /* HotelStarView.m in Sources */,
				235672F31C044EA800F178E4 /* HotelRoomTypeController.m in Sources */,
				231277F31BDFDE9300897E42 /* MASViewConstraint.m in Sources */,
				230382CE1BE0748C008F4E42 /* NSObject+MJClass.m in Sources */,
				231277F61BDFDE9300897E42 /* View+MASAdditions.m in Sources */,
				230383201BE0AD64008F4E42 /* HotelDetailInfoModel.m in Sources */,
				235673351C0472FA00F178E4 /* TagBtn.m in Sources */,
				230382C81BE0748C008F4E42 /* MJDictionaryCache.m in Sources */,
				230382CD1BE0748C008F4E42 /* MJPropertyType.m in Sources */,
				230382CC1BE0748C008F4E42 /* MJPropertyKey.m in Sources */,
				235673111C044EDD00F178E4 /* HotelCommentIInfosCell.m in Sources */,
				231277F21BDFDE9300897E42 /* MASViewAttribute.m in Sources */,
				231277F01BDFDE9300897E42 /* MASConstraintMaker.m in Sources */,
				230382CB1BE0748C008F4E42 /* MJProperty.m in Sources */,
				235673171C044EDD00F178E4 /* HotelInfoCommentCell.m in Sources */,
				230382D11BE0748C008F4E42 /* NSObject+MJProperty.m in Sources */,
				230382EC1BE0AB81008F4E42 /* TicketsModel.m in Sources */,
				230383181BE0AC36008F4E42 /* UIButton+WebCache.m in Sources */,
				235673191C044EDD00F178E4 /* HotelListCell.m in Sources */,
				235673271C04521400F178E4 /* PhotoLibraryController.m in Sources */,
				2303831B1BE0AC36008F4E42 /* UIImageView+HighlightedWebCache.m in Sources */,
				2303831C1BE0AC36008F4E42 /* UIImageView+WebCache.m in Sources */,
				235672F51C044EA800F178E4 /* ViewController.m in Sources */,
				230383111BE0AC36008F4E42 /* SDImageCache.m in Sources */,
				230383121BE0AC36008F4E42 /* SDWebImageCompat.m in Sources */,
				23A5231F1BDF537800B0AC98 /* AppDelegate.m in Sources */,
				235673101C044EDD00F178E4 /* HotelCell.m in Sources */,
				230383171BE0AC36008F4E42 /* SDWebImagePrefetcher.m in Sources */,
				2303831A1BE0AC36008F4E42 /* UIImage+MultiFormat.m in Sources */,
				235673301C04644F00F178E4 /* StarView.m in Sources */,
				230383131BE0AC36008F4E42 /* SDWebImageDecoder.m in Sources */,
				235673131C044EDD00F178E4 /* HotelDetailAutoLayoutCell.m in Sources */,
				2356731B1C044EDD00F178E4 /* HotelRoomTypeFillterView.m in Sources */,
				230382C91BE0748C008F4E42 /* MJExtensionConst.m in Sources */,
				230382E91BE0AB12008F4E42 /* OrderListModel.m in Sources */,
				231277F71BDFDE9300897E42 /* ViewController+MASAdditions.m in Sources */,
				230382E61BE095E9008F4E42 /* PicModel.m in Sources */,
				230382E01BE0957E008F4E42 /* HotelListModel.m in Sources */,
				231277F41BDFDE9300897E42 /* NSArray+MASAdditions.m in Sources */,
				23A523281BDF537800B0AC98 /* CollectionControllerDemo.xcdatamodeld in Sources */,
				231277F11BDFDE9300897E42 /* MASLayoutConstraint.m in Sources */,
				230382E31BE095E0008F4E42 /* HotelFacilityModel.m in Sources */,
				231277EE1BDFDE9300897E42 /* MASCompositeConstraint.m in Sources */,
				23A5231C1BDF537800B0AC98 /* main.m in Sources */,
				230382CA1BE0748C008F4E42 /* MJFoundation.m in Sources */,
				230383101BE0AC36008F4E42 /* NSData+ImageContentType.m in Sources */,
				230383151BE0AC36008F4E42 /* SDWebImageDownloaderOperation.m in Sources */,
				230383141BE0AC36008F4E42 /* SDWebImageDownloader.m in Sources */,
				2303831D1BE0AC36008F4E42 /* UIView+WebCacheOperation.m in Sources */,
				231277EF1BDFDE9300897E42 /* MASConstraint.m in Sources */,
				235673151C044EDD00F178E4 /* HotelDetailInfoCell.m in Sources */,
			);
			runOnlyForDeploymentPostprocessing = 0;
		};
/* End PBXSourcesBuildPhase section */

/* Begin PBXVariantGroup section */
		23A523231BDF537800B0AC98 /* Main.storyboard */ = {
			isa = PBXVariantGroup;
			children = (
				23A523241BDF537800B0AC98 /* Base */,
			);
			name = Main.storyboard;
			sourceTree = "<group>";
		};
		23A5232B1BDF537800B0AC98 /* LaunchScreen.storyboard */ = {
			isa = PBXVariantGroup;
			children = (
				23A5232C1BDF537800B0AC98 /* Base */,
			);
			name = LaunchScreen.storyboard;
			sourceTree = "<group>";
		};
/* End PBXVariantGroup section */

/* Begin XCBuildConfiguration section */
		23A5232F1BDF537800B0AC98 /* Debug */ = {
			isa = XCBuildConfiguration;
			buildSettings = {
				ALWAYS_SEARCH_USER_PATHS = NO;
				CLANG_CXX_LANGUAGE_STANDARD = "gnu++0x";
				CLANG_CXX_LIBRARY = "libc++";
				CLANG_ENABLE_MODULES = YES;
				CLANG_ENABLE_OBJC_ARC = YES;
				CLANG_WARN_BOOL_CONVERSION = YES;
				CLANG_WARN_CONSTANT_CONVERSION = YES;
				CLANG_WARN_DIRECT_OBJC_ISA_USAGE = YES_ERROR;
				CLANG_WARN_EMPTY_BODY = YES;
				CLANG_WARN_ENUM_CONVERSION = YES;
				CLANG_WARN_INT_CONVERSION = YES;
				CLANG_WARN_OBJC_ROOT_CLASS = YES_ERROR;
				CLANG_WARN_UNREACHABLE_CODE = YES;
				CLANG_WARN__DUPLICATE_METHOD_MATCH = YES;
				"CODE_SIGN_IDENTITY[sdk=iphoneos*]" = "iPhone Developer";
				COPY_PHASE_STRIP = NO;
				DEBUG_INFORMATION_FORMAT = dwarf;
				ENABLE_STRICT_OBJC_MSGSEND = YES;
				ENABLE_TESTABILITY = YES;
				GCC_C_LANGUAGE_STANDARD = gnu99;
				GCC_DYNAMIC_NO_PIC = NO;
				GCC_NO_COMMON_BLOCKS = YES;
				GCC_OPTIMIZATION_LEVEL = 0;
				GCC_PREPROCESSOR_DEFINITIONS = (
					"DEBUG=1",
					"$(inherited)",
				);
				GCC_WARN_64_TO_32_BIT_CONVERSION = YES;
				GCC_WARN_ABOUT_RETURN_TYPE = YES_ERROR;
				GCC_WARN_UNDECLARED_SELECTOR = YES;
				GCC_WARN_UNINITIALIZED_AUTOS = YES_AGGRESSIVE;
				GCC_WARN_UNUSED_FUNCTION = YES;
				GCC_WARN_UNUSED_VARIABLE = YES;
				IPHONEOS_DEPLOYMENT_TARGET = 9.0;
				MTL_ENABLE_DEBUG_INFO = YES;
				ONLY_ACTIVE_ARCH = YES;
				SDKROOT = iphoneos;
				TARGETED_DEVICE_FAMILY = "1,2";
			};
			name = Debug;
		};
		23A523301BDF537800B0AC98 /* Release */ = {
			isa = XCBuildConfiguration;
			buildSettings = {
				ALWAYS_SEARCH_USER_PATHS = NO;
				CLANG_CXX_LANGUAGE_STANDARD = "gnu++0x";
				CLANG_CXX_LIBRARY = "libc++";
				CLANG_ENABLE_MODULES = YES;
				CLANG_ENABLE_OBJC_ARC = YES;
				CLANG_WARN_BOOL_CONVERSION = YES;
				CLANG_WARN_CONSTANT_CONVERSION = YES;
				CLANG_WARN_DIRECT_OBJC_ISA_USAGE = YES_ERROR;
				CLANG_WARN_EMPTY_BODY = YES;
				CLANG_WARN_ENUM_CONVERSION = YES;
				CLANG_WARN_INT_CONVERSION = YES;
				CLANG_WARN_OBJC_ROOT_CLASS = YES_ERROR;
				CLANG_WARN_UNREACHABLE_CODE = YES;
				CLANG_WARN__DUPLICATE_METHOD_MATCH = YES;
				"CODE_SIGN_IDENTITY[sdk=iphoneos*]" = "iPhone Developer";
				COPY_PHASE_STRIP = NO;
				DEBUG_INFORMATION_FORMAT = "dwarf-with-dsym";
				ENABLE_NS_ASSERTIONS = NO;
				ENABLE_STRICT_OBJC_MSGSEND = YES;
				GCC_C_LANGUAGE_STANDARD = gnu99;
				GCC_NO_COMMON_BLOCKS = YES;
				GCC_WARN_64_TO_32_BIT_CONVERSION = YES;
				GCC_WARN_ABOUT_RETURN_TYPE = YES_ERROR;
				GCC_WARN_UNDECLARED_SELECTOR = YES;
				GCC_WARN_UNINITIALIZED_AUTOS = YES_AGGRESSIVE;
				GCC_WARN_UNUSED_FUNCTION = YES;
				GCC_WARN_UNUSED_VARIABLE = YES;
				IPHONEOS_DEPLOYMENT_TARGET = 9.0;
				MTL_ENABLE_DEBUG_INFO = NO;
				SDKROOT = iphoneos;
				TARGETED_DEVICE_FAMILY = "1,2";
				VALIDATE_PRODUCT = YES;
			};
			name = Release;
		};
		23A523321BDF537800B0AC98 /* Debug */ = {
			isa = XCBuildConfiguration;
			buildSettings = {
				ASSETCATALOG_COMPILER_APPICON_NAME = AppIcon;
				INFOPLIST_FILE = CollectionControllerDemo/Info.plist;
				IPHONEOS_DEPLOYMENT_TARGET = 8.3;
				LD_RUNPATH_SEARCH_PATHS = "$(inherited) @executable_path/Frameworks";
				PRODUCT_BUNDLE_IDENTIFIER = com.lezhu.imike.CollectionControllerDemo;
				PRODUCT_NAME = "$(TARGET_NAME)";
			};
			name = Debug;
		};
		23A523331BDF537800B0AC98 /* Release */ = {
			isa = XCBuildConfiguration;
			buildSettings = {
				ASSETCATALOG_COMPILER_APPICON_NAME = AppIcon;
				INFOPLIST_FILE = CollectionControllerDemo/Info.plist;
				IPHONEOS_DEPLOYMENT_TARGET = 8.3;
				LD_RUNPATH_SEARCH_PATHS = "$(inherited) @executable_path/Frameworks";
				PRODUCT_BUNDLE_IDENTIFIER = com.lezhu.imike.CollectionControllerDemo;
				PRODUCT_NAME = "$(TARGET_NAME)";
			};
			name = Release;
		};
/* End XCBuildConfiguration section */

/* Begin XCConfigurationList section */
		23A523121BDF537800B0AC98 /* Build configuration list for PBXProject "CollectionControllerDemo" */ = {
			isa = XCConfigurationList;
			buildConfigurations = (
				23A5232F1BDF537800B0AC98 /* Debug */,
				23A523301BDF537800B0AC98 /* Release */,
			);
			defaultConfigurationIsVisible = 0;
			defaultConfigurationName = Release;
		};
		23A523311BDF537800B0AC98 /* Build configuration list for PBXNativeTarget "CollectionControllerDemo" */ = {
			isa = XCConfigurationList;
			buildConfigurations = (
				23A523321BDF537800B0AC98 /* Debug */,
				23A523331BDF537800B0AC98 /* Release */,
			);
			defaultConfigurationIsVisible = 0;
			defaultConfigurationName = Release;
		};
/* End XCConfigurationList section */

/* Begin XCVersionGroup section */
		23A523261BDF537800B0AC98 /* CollectionControllerDemo.xcdatamodeld */ = {
			isa = XCVersionGroup;
			children = (
				23A523271BDF537800B0AC98 /* CollectionControllerDemo.xcdatamodel */,
			);
			currentVersion = 23A523271BDF537800B0AC98 /* CollectionControllerDemo.xcdatamodel */;
			path = CollectionControllerDemo.xcdatamodeld;
			sourceTree = "<group>";
			versionGroupType = wrapper.xcdatamodel;
		};
/* End XCVersionGroup section */
	};
	rootObject = 23A5230F1BDF537800B0AC98 /* Project object */;
}
